
Microsoft Visual Studio Solution File, Format Version 12.00
# Visual Studio Version 17
VisualStudioVersion = 17.10.35027.167
MinimumVisualStudioVersion = 10.0.40219.1
Project("{FAE04EC0-301F-11D3-BF4B-00C04F79EFBC}") = "PokemonReviewApp", "PokemonReviewApp.csproj", "{A2615B2D-1E19-4332-B9E2-2AB04B694BFE}"
EndProject
Global
	GlobalSection(SolutionConfigurationPlatforms) = preSolution
		Debug|Any CPU = Debug|Any CPU
		Release|Any CPU = Release|Any CPU
	EndGlobalSection
	GlobalSection(ProjectConfigurationPlatforms) = postSolution
		{A2615B2D-1E19-4332-B9E2-2AB04B694BFE}.Debug|Any CPU.ActiveCfg = Debug|Any CPU
		{A2615B2D-1E19-4332-B9E2-2AB04B694BFE}.Debug|Any CPU.Build.0 = Debug|Any CPU
		{A2615B2D-1E19-4332-B9E2-2AB04B694BFE}.Release|Any CPU.ActiveCfg = Release|Any CPU
		{A2615B2D-1E19-4332-B9E2-2AB04B694BFE}.Release|Any CPU.Build.0 = Release|Any CPU
	EndGlobalSection
	GlobalSection(SolutionProperties) = preSolution
		HideSolutionNode = FALSE
	EndGlobalSection
	GlobalSection(ExtensibilityGlobals) = postSolution
		SolutionGuid = {97B68423-AF25-4946-B6CF-5A11F850CA12}
	EndGlobalSection
EndGlobal
